// !$*UTF8*$!
{
	archiveVersion = 1;
	classes = {
	};
	objectVersion = 46;
	objects = {

/* Begin PBXBuildFile section */
		BBB925A21BD959E00062D2B4 /* AppDelegate.swift in Sources */ = {isa = PBXBuildFile; fileRef = BBB925A11BD959E00062D2B4 /* AppDelegate.swift */; };
		BBB925A41BD959E00062D2B4 /* ViewController.swift in Sources */ = {isa = PBXBuildFile; fileRef = BBB925A31BD959E00062D2B4 /* ViewController.swift */; };
		BBB925A71BD959E00062D2B4 /* Main.storyboard in Resources */ = {isa = PBXBuildFile; fileRef = BBB925A51BD959E00062D2B4 /* Main.storyboard */; };
		BBB925A91BD959E00062D2B4 /* Assets.xcassets in Resources */ = {isa = PBXBuildFile; fileRef = BBB925A81BD959E00062D2B4 /* Assets.xcassets */; };
		BBB925AC1BD959E00062D2B4 /* LaunchScreen.storyboard in Resources */ = {isa = PBXBuildFile; fileRef = BBB925AA1BD959E00062D2B4 /* LaunchScreen.storyboard */; };
/* End PBXBuildFile section */

/* Begin PBXFileReference section */
		BBB9259E1BD959E00062D2B4 /* Multiple.app */ = {isa = PBXFileReference; explicitFileType = wrapper.application; includeInIndex = 0; path = Multiple.app; sourceTree = BUILT_PRODUCTS_DIR; };
		BBB925A11BD959E00062D2B4 /* AppDelegate.swift */ = {isa = PBXFileReference; lastKnownFileType = sourcecode.swift; path = AppDelegate.swift; sourceTree = "<group>"; };
		BBB925A31BD959E00062D2B4 /* ViewController.swift */ = {isa = PBXFileReference; lastKnownFileType = sourcecode.swift; path = ViewController.swift; sourceTree = "<group>"; };
		BBB925A61BD959E00062D2B4 /* Base */ = {isa = PBXFileReference; lastKnownFileType = file.storyboard; name = Base; path = Base.lproj/Main.storyboard; sourceTree = "<group>"; };
		BBB925A81BD959E00062D2B4 /* Assets.xcassets */ = {isa = PBXFileReference; lastKnownFileType = folder.assetcatalog; path = Assets.xcassets; sourceTree = "<group>"; };
		BBB925AB1BD959E00062D2B4 /* Base */ = {isa = PBXFileReference; lastKnownFileType = file.storyboard; name = Base; path = Base.lproj/LaunchScreen.storyboard; sourceTree = "<group>"; };
		BBB925AD1BD959E00062D2B4 /* Info.plist */ = {isa = PBXFileReference; lastKnownFileType = text.plist.xml; path = Info.plist; sourceTree = "<group>"; };
/* End PBXFileReference section */

/* Begin PBXFrameworksBuildPhase section */
		BBB9259B1BD959E00062D2B4 /* Frameworks */ = {
			isa = PBXFrameworksBuildPhase;
			buildActionMask = 2147483647;
			files = (
			);
			runOnlyForDeploymentPostprocessing = 0;
		};
/* End PBXFrameworksBuildPhase section */

/* Begin PBXGroup section */
		BBB925951BD959E00062D2B4 = {
			isa = PBXGroup;
			children = (
				BBB925A01BD959E00062D2B4 /* Multiple */,
				BBB9259F1BD959E00062D2B4 /* Products */,
			);
			sourceTree = "<group>";
		};
		BBB9259F1BD959E00062D2B4 /* Products */ = {
			isa = PBXGroup;
			children = (
				BBB9259E1BD959E00062D2B4 /* Multiple.app */,
			);
			name = Products;
			sourceTree = "<group>";
		};
		BBB925A01BD959E00062D2B4 /* Multiple */ = {
			isa = PBXGroup;
			children = (
				BBB925A11BD959E00062D2B4 /* AppDelegate.swift */,
				BBB925A31BD959E00062D2B4 /* ViewController.swift */,
				BBB925A51BD959E00062D2B4 /* Main.storyboard */,
				BBB925A81BD959E00062D2B4 /* Assets.xcassets */,
				BBB925AA1BD959E00062D2B4 /* LaunchScreen.storyboard */,
				BBB925AD1BD959E00062D2B4 /* Info.plist */,
			);
			path = Multiple;
			sourceTree = "<group>";
		};
/* End PBXGroup section */

/* Begin PBXNativeTarget section */
		BBB9259D1BD959E00062D2B4 /* Multiple */ = {
			isa = PBXNativeTarget;
			buildConfigurationList = BBB925B01BD959E00062D2B4 /* Build configuration list for PBXNativeTarget "Multiple" */;
			buildPhases = (
				BBB9259A1BD959E00062D2B4 /* Sources */,
				BBB9259B1BD959E00062D2B4 /* Frameworks */,
				BBB9259C1BD959E00062D2B4 /* Resources */,
			);
			buildRules = (
			);
			dependencies = (
			);
			name = Multiple;
			productName = Multiple;
			productReference = BBB9259E1BD959E00062D2B4 /* Multiple.app */;
			productType = "com.apple.product-type.application";
		};
/* End PBXNativeTarget section */

/* Begin PBXProject section */
		BBB925961BD959E00062D2B4 /* Project object */ = {
			isa = PBXProject;
			attributes = {
				LastSwiftUpdateCheck = 0710;
				LastUpgradeCheck = 0710;
				ORGANIZATIONNAME = "Андрей Букша";
				TargetAttributes = {
					BBB9259D1BD959E00062D2B4 = {
						CreatedOnToolsVersion = 7.1;
						DevelopmentTeam = 53Q44P34GC;
					};
				};
			};
			buildConfigurationList = BBB925991BD959E00062D2B4 /* Build configuration list for PBXProject "Multiple" */;
			compatibilityVersion = "Xcode 3.2";
			developmentRegion = English;
			hasScannedForEncodings = 0;
			knownRegions = (
				en,
				Base,
			);
			mainGroup = BBB925951BD959E00062D2B4;
			productRefGroup = BBB9259F1BD959E00062D2B4 /* Products */;
			projectDirPath = "";
			projectRoot = "";
			targets = (
				BBB9259D1BD959E00062D2B4 /* Multiple */,
			);
		};
/* End PBXProject section */

/* Begin PBXResourcesBuildPhase section */
		BBB9259C1BD959E00062D2B4 /* Resources */ = {
			isa = PBXResourcesBuildPhase;
			buildActionMask = 2147483647;
			files = (
				BBB925AC1BD959E00062D2B4 /* LaunchScreen.storyboard in Resources */,
				BBB925A91BD959E00062D2B4 /* Assets.xcassets in Resources */,
				BBB925A71BD959E00062D2B4 /* Main.storyboard in Resources */,
			);
			runOnlyForDeploymentPostprocessing = 0;
		};
/* End PBXResourcesBuildPhase section */

/* Begin PBXSourcesBuildPhase section */
		BBB9259A1BD959E00062D2B4 /* Sources */ = {
			isa = PBXSourcesBuildPhase;
			buildActionMask = 2147483647;
			files = (
				BBB925A41BD959E00062D2B4 /* ViewController.swift in Sources */,
				BBB925A21BD959E00062D2B4 /* AppDelegate.swift in Sources */,
			);
			runOnlyForDeploymentPostprocessing = 0;
		};
/* End PBXSourcesBuildPhase section */

/* Begin PBXVariantGroup section */
		BBB925A51BD959E00062D2B4 /* Main.storyboard */ = {
			isa = PBXVariantGroup;
			children = (
				BBB925A61BD959E00062D2B4 /* Base */,
			);
			name = Main.storyboard;
			sourceTree = "<group>";
		};
		BBB925AA1BD959E00062D2B4 /* LaunchScreen.storyboard */ = {
			isa = PBXVariantGroup;
			children = (
				BBB925AB1BD959E00062D2B4 /* Base */,
			);
			name = LaunchScreen.storyboard;
			sourceTree = "<group>";
		};
/* End PBXVariantGroup section */

/* Begin XCBuildConfiguration section */
		BBB925AE1BD959E00062D2B4 /* Debug */ = {
			isa = XCBuildConfiguration;
			buildSettings = {
				ALWAYS_SEARCH_USER_PATHS = NO;
				CLANG_CXX_LANGUAGE_STANDARD = "gnu++0x";
				CLANG_CXX_LIBRARY = "libc++";
				CLANG_ENABLE_MODULES = YES;
				CLANG_ENABLE_OBJC_ARC = YES;
				CLANG_WARN_BOOL_CONVERSION = YES;
				CLANG_WARN_CONSTANT_CONVERSION = YES;
				CLANG_WARN_DIRECT_OBJC_ISA_USAGE = YES_ERROR;
				CLANG_WARN_EMPTY_BODY = YES;
				CLANG_WARN_ENUM_CONVERSION = YES;
				CLANG_WARN_INT_CONVERSION = YES;
				CLANG_WARN_OBJC_ROOT_CLASS = YES_ERROR;
				CLANG_WARN_UNREACHABLE_CODE = YES;
				CLANG_WARN__DUPLICATE_METHOD_MATCH = YES;
				"CODE_SIGN_IDENTITY[sdk=iphoneos*]" = "iPhone Developer";
				COPY_PHASE_STRIP = NO;
				DEBUG_INFORMATION_FORMAT = dwarf;
				ENABLE_STRICT_OBJC_MSGSEND = YES;
				ENABLE_TESTABILITY = YES;
				GCC_C_LANGUAGE_STANDARD = gnu99;
				GCC_DYNAMIC_NO_PIC = NO;
				GCC_NO_COMMON_BLOCKS = YES;
				GCC_OPTIMIZATION_LEVEL = 0;
				GCC_PREPROCESSOR_DEFINITIONS = (
					"DEBUG=1",
					"$(inherited)",
				);
				GCC_WARN_64_TO_32_BIT_CONVERSION = YES;
				GCC_WARN_ABOUT_RETURN_TYPE = YES_ERROR;
				GCC_WARN_UNDECLARED_SELECTOR = YES;
				GCC_WARN_UNINITIALIZED_AUTOS = YES_AGGRESSIVE;
				GCC_WARN_UNUSED_FUNCTION = YES;
				GCC_WARN_UNUSED_VARIABLE = YES;
				IPHONEOS_DEPLOYMENT_TARGET = 9.1;
				MTL_ENABLE_DEBUG_INFO = YES;
				ONLY_ACTIVE_ARCH = YES;
				SDKROOT = iphoneos;
				SWIFT_OPTIMIZATION_LEVEL = "-Onone";
			};
			name = Debug;
		};
		BBB925AF1BD959E00062D2B4 /* Release */ = {
			isa = XCBuildConfiguration;
			buildSettings = {
				ALWAYS_SEARCH_USER_PATHS = NO;
				CLANG_CXX_LANGUAGE_STANDARD = "gnu++0x";
				CLANG_CXX_LIBRARY = "libc++";
				CLANG_ENABLE_MODULES = YES;
				CLANG_ENABLE_OBJC_ARC = YES;
				CLANG_WARN_BOOL_CONVERSION = YES;
				CLANG_WARN_CONSTANT_CONVERSION = YES;
				CLANG_WARN_DIRECT_OBJC_ISA_USAGE = YES_ERROR;
				CLANG_WARN_EMPTY_BODY = YES;
				CLANG_WARN_ENUM_CONVERSION = YES;
				CLANG_WARN_INT_CONVERSION = YES;
				CLANG_WARN_OBJC_ROOT_CLASS = YES_ERROR;
				CLANG_WARN_UNREACHABLE_CODE = YES;
				CLANG_WARN__DUPLICATE_METHOD_MATCH = YES;
				"CODE_SIGN_IDENTITY[sdk=iphoneos*]" = "iPhone Developer";
				COPY_PHASE_STRIP = NO;
				DEBUG_INFORMATION_FORMAT = "dwarf-with-dsym";
				ENABLE_NS_ASSERTIONS = NO;
				ENABLE_STRICT_OBJC_MSGSEND = YES;
				GCC_C_LANGUAGE_STANDARD = gnu99;
				GCC_NO_COMMON_BLOCKS = YES;
				GCC_WARN_64_TO_32_BIT_CONVERSION = YES;
				GCC_WARN_ABOUT_RETURN_TYPE = YES_ERROR;
				GCC_WARN_UNDECLARED_SELECTOR = YES;
				GCC_WARN_UNINITIALIZED_AUTOS = YES_AGGRESSIVE;
				GCC_WARN_UNUSED_FUNCTION = YES;
				GCC_WARN_UNUSED_VARIABLE = YES;
				IPHONEOS_DEPLOYMENT_TARGET = 9.1;
				MTL_ENABLE_DEBUG_INFO = NO;
				SDKROOT = iphoneos;
				VALIDATE_PRODUCT = YES;
			};
			name = Release;
		};
		BBB925B11BD959E00062D2B4 /* Debug */ = {
			isa = XCBuildConfiguration;
			buildSettings = {
				ASSETCATALOG_COMPILER_APPICON_NAME = AppIcon;
				INFOPLIST_FILE = Multiple/Info.plist;
				LD_RUNPATH_SEARCH_PATHS = "$(inherited) @executable_path/Frameworks";
				PRODUCT_BUNDLE_IDENTIFIER = com.AndrewsCompany.Multiple;
				PRODUCT_NAME = "$(TARGET_NAME)";
			};
			name = Debug;
		};
		BBB925B21BD959E00062D2B4 /* Release */ = {
			isa = XCBuildConfiguration;
			buildSettings = {
				ASSETCATALOG_COMPILER_APPICON_NAME = AppIcon;
				INFOPLIST_FILE = Multiple/Info.plist;
				LD_RUNPATH_SEARCH_PATHS = "$(inherited) @executable_path/Frameworks";
				PRODUCT_BUNDLE_IDENTIFIER = com.AndrewsCompany.Multiple;
				PRODUCT_NAME = "$(TARGET_NAME)";
			};
			name = Release;
		};
/* End XCBuildConfiguration section */

/* Begin XCConfigurationList section */
		BBB925991BD959E00062D2B4 /* Build configuration list for PBXProject "Multiple" */ = {
			isa = XCConfigurationList;
			buildConfigurations = (
				BBB925AE1BD959E00062D2B4 /* Debug */,
				BBB925AF1BD959E00062D2B4 /* Release */,
			);
			defaultConfigurationIsVisible = 0;
			defaultConfigurationName = Release;
		};
		BBB925B01BD959E00062D2B4 /* Build configuration list for PBXNativeTarget "Multiple" */ = {
			isa = XCConfigurationList;
			buildConfigurations = (
				BBB925B11BD959E00062D2B4 /* Debug */,
				BBB925B21BD959E00062D2B4 /* Release */,
			);
			defaultConfigurationIsVisible = 0;
		};
/* End XCConfigurationList section */
	};
	rootObject = BBB925961BD959E00062D2B4 /* Project object */;
}
